
Microsoft Visual Studio Solution File, Format Version 12.00
# Visual Studio 15
VisualStudioVersion = 15.0.28307.136
MinimumVisualStudioVersion = 10.0.40219.1
Project("{FAE04EC0-301F-11D3-BF4B-00C04F79EFBC}") = "CoderByte_FirstReverse", "CoderByte_FirstReverse\CoderByte_FirstReverse.csproj", "{28DC944E-8A46-4C3E-AE29-ACAE26011DD8}"
EndProject
Global
	GlobalSection(SolutionConfigurationPlatforms) = preSolution
		Debug|Any CPU = Debug|Any CPU
		Release|Any CPU = Release|Any CPU
	EndGlobalSection
	GlobalSection(ProjectConfigurationPlatforms) = postSolution
		{28DC944E-8A46-4C3E-AE29-ACAE26011DD8}.Debug|Any CPU.ActiveCfg = Debug|Any CPU
		{28DC944E-8A46-4C3E-AE29-ACAE26011DD8}.Debug|Any CPU.Build.0 = Debug|Any CPU
		{28DC944E-8A46-4C3E-AE29-ACAE26011DD8}.Release|Any CPU.ActiveCfg = Release|Any CPU
		{28DC944E-8A46-4C3E-AE29-ACAE26011DD8}.Release|Any CPU.Build.0 = Release|Any CPU
	EndGlobalSection
	GlobalSection(SolutionProperties) = preSolution
		HideSolutionNode = FALSE
	EndGlobalSection
	GlobalSection(ExtensibilityGlobals) = postSolution
		SolutionGuid = {4E1871C0-AC79-49C3-91D4-823191EB62CA}
	EndGlobalSection
EndGlobal
